
Microsoft Visual Studio Solution File, Format Version 12.00
# Visual Studio Version 17
VisualStudioVersion = 17.4.33110.190
MinimumVisualStudioVersion = 10.0.40219.1
Project("{9A19103F-16F7-4668-BE54-9A1E7A4F7556}") = "StringFormatter.Core", "StringFormatter.Core\StringFormatter.Core.csproj", "{0A0492F5-953A-4711-BB1B-04F5E3420731}"
EndProject
Project("{FAE04EC0-301F-11D3-BF4B-00C04F79EFBC}") = "StringFormatter.Tests", "StringFormatter.Tests\StringFormatter.Tests.csproj", "{882A3040-3A1B-41E5-8274-E38ABFD2B254}"
EndProject
Global
	GlobalSection(SolutionConfigurationPlatforms) = preSolution
		Debug|Any CPU = Debug|Any CPU
		Release|Any CPU = Release|Any CPU
	EndGlobalSection
	GlobalSection(ProjectConfigurationPlatforms) = postSolution
		{0A0492F5-953A-4711-BB1B-04F5E3420731}.Debug|Any CPU.ActiveCfg = Debug|Any CPU
		{0A0492F5-953A-4711-BB1B-04F5E3420731}.Debug|Any CPU.Build.0 = Debug|Any CPU
		{0A0492F5-953A-4711-BB1B-04F5E3420731}.Release|Any CPU.ActiveCfg = Release|Any CPU
		{0A0492F5-953A-4711-BB1B-04F5E3420731}.Release|Any CPU.Build.0 = Release|Any CPU
		{882A3040-3A1B-41E5-8274-E38ABFD2B254}.Debug|Any CPU.ActiveCfg = Debug|Any CPU
		{882A3040-3A1B-41E5-8274-E38ABFD2B254}.Debug|Any CPU.Build.0 = Debug|Any CPU
		{882A3040-3A1B-41E5-8274-E38ABFD2B254}.Release|Any CPU.ActiveCfg = Release|Any CPU
		{882A3040-3A1B-41E5-8274-E38ABFD2B254}.Release|Any CPU.Build.0 = Release|Any CPU
	EndGlobalSection
	GlobalSection(SolutionProperties) = preSolution
		HideSolutionNode = FALSE
	EndGlobalSection
	GlobalSection(ExtensibilityGlobals) = postSolution
		SolutionGuid = {EF426A35-589E-4195-AE22-8C149A54B727}
	EndGlobalSection
EndGlobal
